
Microsoft Visual Studio Solution File, Format Version 12.00
# Visual Studio Version 17
VisualStudioVersion = 17.13.35931.197 d17.13
MinimumVisualStudioVersion = 10.0.40219.1
Project("{FAE04EC0-301F-11D3-BF4B-00C04F79EFBC}") = "CloudCompiuting.Api", "CloudCompiuting.Api\CloudCompiuting.Api.csproj", "{3D1802DD-420B-4F34-924A-1FB9D3543B8F}"
EndProject
Project("{FAE04EC0-301F-11D3-BF4B-00C04F79EFBC}") = "CluodComputing.Models", "CluodComputing.Models\CluodComputing.Models.csproj", "{F3BBDAD9-8422-4365-B32A-99A9635713DC}"
EndProject
Global
	GlobalSection(SolutionConfigurationPlatforms) = preSolution
		Debug|Any CPU = Debug|Any CPU
		Release|Any CPU = Release|Any CPU
	EndGlobalSection
	GlobalSection(ProjectConfigurationPlatforms) = postSolution
		{3D1802DD-420B-4F34-924A-1FB9D3543B8F}.Debug|Any CPU.ActiveCfg = Debug|Any CPU
		{3D1802DD-420B-4F34-924A-1FB9D3543B8F}.Debug|Any CPU.Build.0 = Debug|Any CPU
		{3D1802DD-420B-4F34-924A-1FB9D3543B8F}.Release|Any CPU.ActiveCfg = Release|Any CPU
		{3D1802DD-420B-4F34-924A-1FB9D3543B8F}.Release|Any CPU.Build.0 = Release|Any CPU
		{F3BBDAD9-8422-4365-B32A-99A9635713DC}.Debug|Any CPU.ActiveCfg = Debug|Any CPU
		{F3BBDAD9-8422-4365-B32A-99A9635713DC}.Debug|Any CPU.Build.0 = Debug|Any CPU
		{F3BBDAD9-8422-4365-B32A-99A9635713DC}.Release|Any CPU.ActiveCfg = Release|Any CPU
		{F3BBDAD9-8422-4365-B32A-99A9635713DC}.Release|Any CPU.Build.0 = Release|Any CPU
	EndGlobalSection
	GlobalSection(SolutionProperties) = preSolution
		HideSolutionNode = FALSE
	EndGlobalSection
	GlobalSection(ExtensibilityGlobals) = postSolution
		SolutionGuid = {A64B76FC-7F69-4232-97F2-FA679836FF19}
	EndGlobalSection
EndGlobal
